
Microsoft Visual Studio Solution File, Format Version 12.00
# Visual Studio 15
VisualStudioVersion = 15.0.27703.2047
MinimumVisualStudioVersion = 10.0.40219.1
Project("{FAE04EC0-301F-11D3-BF4B-00C04F79EFBC}") = "IPPlab3", "IPPlab3\IPPlab3.csproj", "{15D9226B-4432-4C61-90D2-2DAF2CA32EBE}"
EndProject
Global
	GlobalSection(SolutionConfigurationPlatforms) = preSolution
		Debug|Any CPU = Debug|Any CPU
		Release|Any CPU = Release|Any CPU
	EndGlobalSection
	GlobalSection(ProjectConfigurationPlatforms) = postSolution
		{15D9226B-4432-4C61-90D2-2DAF2CA32EBE}.Debug|Any CPU.ActiveCfg = Debug|Any CPU
		{15D9226B-4432-4C61-90D2-2DAF2CA32EBE}.Debug|Any CPU.Build.0 = Debug|Any CPU
		{15D9226B-4432-4C61-90D2-2DAF2CA32EBE}.Release|Any CPU.ActiveCfg = Release|Any CPU
		{15D9226B-4432-4C61-90D2-2DAF2CA32EBE}.Release|Any CPU.Build.0 = Release|Any CPU
	EndGlobalSection
	GlobalSection(SolutionProperties) = preSolution
		HideSolutionNode = FALSE
	EndGlobalSection
	GlobalSection(ExtensibilityGlobals) = postSolution
		SolutionGuid = {C731FBA8-7507-4772-80C8-E124F95D40D6}
	EndGlobalSection
EndGlobal
